{
  "lockfile_version": "1",
  "packages": {
    "github:NixOS/nixpkgs/nixpkgs-unstable": {
      "last_modified": "2025-04-23T03:04:08Z",
      "resolved": "github:NixOS/nixpkgs/507b63021ada5fee621b6ca371c4fca9ca46f52c?lastModified=1745377448&narHash=sha256-jhZDfXVKdD7TSEGgzFJQvEEZ2K65UMiqW5YJ2aIqxMA%3D"
    },
    "nodejs@25.8.1": {
      "last_modified": "2026-03-21T07:29:51Z",
      "plugin_version": "0.0.2",
      "resolved": "github:NixOS/nixpkgs/09061f748ee21f68a089cd5d91ec1859cd93d0be#nodejs_25",
      "source": "devbox-search",
      "version": "25.8.1",
      "systems": {
        "aarch64-darwin": {
          "outputs": [
            {
              "name": "out",
              "path": "/nix/store/kala80ghvzlaxns3h291chi9l63jvjfy-nodejs-25.8.1",
              "default": true
            }
          ],
          "store_path": "/nix/store/kala80ghvzlaxns3h291chi9l63jvjfy-nodejs-25.8.1"
        },
        "aarch64-linux": {
          "outputs": [
            {
              "name": "out",
              "path": "/nix/store/af8lqf08ahd3wxy9jhzi7d0qcrsc9kvb-nodejs-25.8.1",
              "default": true
            }
          ],
          "store_path": "/nix/store/af8lqf08ahd3wxy9jhzi7d0qcrsc9kvb-nodejs-25.8.1"
        },
        "x86_64-darwin": {
          "outputs": [
            {
              "name": "out",
              "path": "/nix/store/mj7gariyc4j8fi2b9k31ykhr6n2yklm7-nodejs-25.8.1",
              "default": true
            }
          ],
          "store_path": "/nix/store/mj7gariyc4j8fi2b9k31ykhr6n2yklm7-nodejs-25.8.1"
        },
        "x86_64-linux": {
          "outputs": [
            {
              "name": "out",
              "path": "/nix/store/h1dg57qqanqg9giys4a4akyncssbbb2v-nodejs-25.8.1",
              "default": true
            }
          ],
          "store_path": "/nix/store/h1dg57qqanqg9giys4a4akyncssbbb2v-nodejs-25.8.1"
        }
      }
    }
  }
}
